
Microsoft Visual Studio Solution File, Format Version 12.00
# Visual Studio 14
VisualStudioVersion = 14.0.24720.0
MinimumVisualStudioVersion = 10.0.40219.1
Project("{8BC9CEB8-8B4A-11D0-8D11-00A0C91BC942}") = "Project1", "Project1\Project1.vcxproj", "{8D235F0C-A3BF-4D5B-ADBE-68B3476487CB}"
EndProject
Project("{8BC9CEB8-8B4A-11D0-8D11-00A0C91BC942}") = "Raytracing", "Raytracing\Raytracing.vcxproj", "{6F269C5C-2354-491F-9BD0-A3BCAEB96683}"
EndProject
Global
	GlobalSection(SolutionConfigurationPlatforms) = preSolution
		Debug|x64 = Debug|x64
		Debug|x86 = Debug|x86
		Release|x64 = Release|x64
		Release|x86 = Release|x86
	EndGlobalSection
	GlobalSection(ProjectConfigurationPlatforms) = postSolution
		{8D235F0C-A3BF-4D5B-ADBE-68B3476487CB}.Debug|x64.ActiveCfg = Debug|x64
		{8D235F0C-A3BF-4D5B-ADBE-68B3476487CB}.Debug|x64.Build.0 = Debug|x64
		{8D235F0C-A3BF-4D5B-ADBE-68B3476487CB}.Debug|x86.ActiveCfg = Debug|Win32
		{8D235F0C-A3BF-4D5B-ADBE-68B3476487CB}.Debug|x86.Build.0 = Debug|Win32
		{8D235F0C-A3BF-4D5B-ADBE-68B3476487CB}.Release|x64.ActiveCfg = Release|x64
		{8D235F0C-A3BF-4D5B-ADBE-68B3476487CB}.Release|x64.Build.0 = Release|x64
		{8D235F0C-A3BF-4D5B-ADBE-68B3476487CB}.Release|x86.ActiveCfg = Release|Win32
		{8D235F0C-A3BF-4D5B-ADBE-68B3476487CB}.Release|x86.Build.0 = Release|Win32
		{6F269C5C-2354-491F-9BD0-A3BCAEB96683}.Debug|x64.ActiveCfg = Debug|x64
		{6F269C5C-2354-491F-9BD0-A3BCAEB96683}.Debug|x64.Build.0 = Debug|x64
		{6F269C5C-2354-491F-9BD0-A3BCAEB96683}.Debug|x86.ActiveCfg = Debug|Win32
		{6F269C5C-2354-491F-9BD0-A3BCAEB96683}.Debug|x86.Build.0 = Debug|Win32
		{6F269C5C-2354-491F-9BD0-A3BCAEB96683}.Release|x64.ActiveCfg = Release|x64
		{6F269C5C-2354-491F-9BD0-A3BCAEB96683}.Release|x64.Build.0 = Release|x64
		{6F269C5C-2354-491F-9BD0-A3BCAEB96683}.Release|x86.ActiveCfg = Release|Win32
		{6F269C5C-2354-491F-9BD0-A3BCAEB96683}.Release|x86.Build.0 = Release|Win32
	EndGlobalSection
	GlobalSection(SolutionProperties) = preSolution
		HideSolutionNode = FALSE
	EndGlobalSection
EndGlobal
